
Microsoft Visual Studio Solution File, Format Version 12.00
# Visual Studio Version 17
VisualStudioVersion = 17.9.34902.65
MinimumVisualStudioVersion = 10.0.40219.1
Project("{FAE04EC0-301F-11D3-BF4B-00C04F79EFBC}") = "InsurenceCar", "InsurenceCar.csproj", "{B57A3341-C9B8-4DE0-B87A-8561E41F6A30}"
EndProject
Global
	GlobalSection(SolutionConfigurationPlatforms) = preSolution
		Debug|Any CPU = Debug|Any CPU
		Release|Any CPU = Release|Any CPU
	EndGlobalSection
	GlobalSection(ProjectConfigurationPlatforms) = postSolution
		{B57A3341-C9B8-4DE0-B87A-8561E41F6A30}.Debug|Any CPU.ActiveCfg = Debug|Any CPU
		{B57A3341-C9B8-4DE0-B87A-8561E41F6A30}.Debug|Any CPU.Build.0 = Debug|Any CPU
		{B57A3341-C9B8-4DE0-B87A-8561E41F6A30}.Debug|Any CPU.Deploy.0 = Debug|Any CPU
		{B57A3341-C9B8-4DE0-B87A-8561E41F6A30}.Release|Any CPU.ActiveCfg = Release|Any CPU
		{B57A3341-C9B8-4DE0-B87A-8561E41F6A30}.Release|Any CPU.Build.0 = Release|Any CPU
		{B57A3341-C9B8-4DE0-B87A-8561E41F6A30}.Release|Any CPU.Deploy.0 = Release|Any CPU
	EndGlobalSection
	GlobalSection(SolutionProperties) = preSolution
		HideSolutionNode = FALSE
	EndGlobalSection
	GlobalSection(ExtensibilityGlobals) = postSolution
		SolutionGuid = {590F5879-5CBB-4727-A1C5-F474C4F4060E}
	EndGlobalSection
EndGlobal
